
Microsoft Visual Studio Solution File, Format Version 12.00
# Visual Studio 15
VisualStudioVersion = 15.0.28307.572
MinimumVisualStudioVersion = 10.0.40219.1
Project("{8BC9CEB8-8B4A-11D0-8D11-00A0C91BC942}") = "libxml2", "libs\libxml2\libxml2.vcxproj", "{41DC785E-E0D7-4484-93AA-12D0D5412E65}"
EndProject
Project("{8BC9CEB8-8B4A-11D0-8D11-00A0C91BC942}") = "pcre", "libs\pcre\pcre.vcxproj", "{DC5A8763-1BD9-4434-AD37-1DBB2AEE8A1B}"
EndProject
Project("{8BC9CEB8-8B4A-11D0-8D11-00A0C91BC942}") = "zlib", "libs\zlib\zlib.vcxproj", "{A8F6FF43-14F0-4398-B910-B264C24A3BD4}"
EndProject
Project("{8BC9CEB8-8B4A-11D0-8D11-00A0C91BC942}") = "lua", "libs\lua\lua.vcxproj", "{973F1327-C81C-4492-B02E-EEBBB39C321D}"
EndProject
Project("{8BC9CEB8-8B4A-11D0-8D11-00A0C91BC942}") = "fimage", "libs\freeimage\fimage\fimage.vcxproj", "{0EE71BA9-8218-4860-BE19-234F31228C01}"
	ProjectSection(ProjectDependencies) = postProject
		{C8EE31DB-531A-4DD1-A0E4-A85B49D27276} = {C8EE31DB-531A-4DD1-A0E4-A85B49D27276}
	EndProjectSection
EndProject
Project("{8BC9CEB8-8B4A-11D0-8D11-00A0C91BC942}") = "freeimagelib", "libs\freeimagelib\freeimagelib.vcxproj", "{C8EE31DB-531A-4DD1-A0E4-A85B49D27276}"
EndProject
Project("{8BC9CEB8-8B4A-11D0-8D11-00A0C91BC942}") = "libzip", "libs\libzip\libzip.vcxproj", "{D4C6AB8A-0A46-41A2-955E-EB20FC7751D8}"
EndProject
Global
	GlobalSection(SolutionConfigurationPlatforms) = preSolution
		Debug|Win32 = Debug|Win32
		Debug|x64 = Debug|x64
		Release|Win32 = Release|Win32
		Release|x64 = Release|x64
	EndGlobalSection
	GlobalSection(ProjectConfigurationPlatforms) = postSolution
		{41DC785E-E0D7-4484-93AA-12D0D5412E65}.Debug|Win32.ActiveCfg = Debug|Win32
		{41DC785E-E0D7-4484-93AA-12D0D5412E65}.Debug|Win32.Build.0 = Debug|Win32
		{41DC785E-E0D7-4484-93AA-12D0D5412E65}.Debug|x64.ActiveCfg = Debug|Win32
		{41DC785E-E0D7-4484-93AA-12D0D5412E65}.Release|Win32.ActiveCfg = Release|Win32
		{41DC785E-E0D7-4484-93AA-12D0D5412E65}.Release|Win32.Build.0 = Release|Win32
		{41DC785E-E0D7-4484-93AA-12D0D5412E65}.Release|x64.ActiveCfg = Release|Win32
		{DC5A8763-1BD9-4434-AD37-1DBB2AEE8A1B}.Debug|Win32.ActiveCfg = Debug|Win32
		{DC5A8763-1BD9-4434-AD37-1DBB2AEE8A1B}.Debug|Win32.Build.0 = Debug|Win32
		{DC5A8763-1BD9-4434-AD37-1DBB2AEE8A1B}.Debug|x64.ActiveCfg = Debug|Win32
		{DC5A8763-1BD9-4434-AD37-1DBB2AEE8A1B}.Release|Win32.ActiveCfg = Release|Win32
		{DC5A8763-1BD9-4434-AD37-1DBB2AEE8A1B}.Release|Win32.Build.0 = Release|Win32
		{DC5A8763-1BD9-4434-AD37-1DBB2AEE8A1B}.Release|x64.ActiveCfg = Release|Win32
		{A8F6FF43-14F0-4398-B910-B264C24A3BD4}.Debug|Win32.ActiveCfg = Debug|Win32
		{A8F6FF43-14F0-4398-B910-B264C24A3BD4}.Debug|Win32.Build.0 = Debug|Win32
		{A8F6FF43-14F0-4398-B910-B264C24A3BD4}.Debug|x64.ActiveCfg = Debug|Win32
		{A8F6FF43-14F0-4398-B910-B264C24A3BD4}.Release|Win32.ActiveCfg = Release|Win32
		{A8F6FF43-14F0-4398-B910-B264C24A3BD4}.Release|Win32.Build.0 = Release|Win32
		{A8F6FF43-14F0-4398-B910-B264C24A3BD4}.Release|x64.ActiveCfg = Release|Win32
		{973F1327-C81C-4492-B02E-EEBBB39C321D}.Debug|Win32.ActiveCfg = Debug|Win32
		{973F1327-C81C-4492-B02E-EEBBB39C321D}.Debug|Win32.Build.0 = Debug|Win32
		{973F1327-C81C-4492-B02E-EEBBB39C321D}.Debug|x64.ActiveCfg = Debug|Win32
		{973F1327-C81C-4492-B02E-EEBBB39C321D}.Release|Win32.ActiveCfg = Release|Win32
		{973F1327-C81C-4492-B02E-EEBBB39C321D}.Release|Win32.Build.0 = Release|Win32
		{973F1327-C81C-4492-B02E-EEBBB39C321D}.Release|x64.ActiveCfg = Release|Win32
		{0EE71BA9-8218-4860-BE19-234F31228C01}.Debug|Win32.ActiveCfg = Debug|Win32
		{0EE71BA9-8218-4860-BE19-234F31228C01}.Debug|Win32.Build.0 = Debug|Win32
		{0EE71BA9-8218-4860-BE19-234F31228C01}.Debug|x64.ActiveCfg = Debug|Win32
		{0EE71BA9-8218-4860-BE19-234F31228C01}.Release|Win32.ActiveCfg = Release|Win32
		{0EE71BA9-8218-4860-BE19-234F31228C01}.Release|Win32.Build.0 = Release|Win32
		{0EE71BA9-8218-4860-BE19-234F31228C01}.Release|x64.ActiveCfg = Release|Win32
		{C8EE31DB-531A-4DD1-A0E4-A85B49D27276}.Debug|Win32.ActiveCfg = Debug|Win32
		{C8EE31DB-531A-4DD1-A0E4-A85B49D27276}.Debug|Win32.Build.0 = Debug|Win32
		{C8EE31DB-531A-4DD1-A0E4-A85B49D27276}.Debug|x64.ActiveCfg = Debug|Win32
		{C8EE31DB-531A-4DD1-A0E4-A85B49D27276}.Release|Win32.ActiveCfg = Release|Win32
		{C8EE31DB-531A-4DD1-A0E4-A85B49D27276}.Release|Win32.Build.0 = Release|Win32
		{C8EE31DB-531A-4DD1-A0E4-A85B49D27276}.Release|x64.ActiveCfg = Release|Win32
		{D4C6AB8A-0A46-41A2-955E-EB20FC7751D8}.Debug|Win32.ActiveCfg = Debug|Win32
		{D4C6AB8A-0A46-41A2-955E-EB20FC7751D8}.Debug|Win32.Build.0 = Debug|Win32
		{D4C6AB8A-0A46-41A2-955E-EB20FC7751D8}.Debug|x64.ActiveCfg = Debug|x64
		{D4C6AB8A-0A46-41A2-955E-EB20FC7751D8}.Debug|x64.Build.0 = Debug|x64
		{D4C6AB8A-0A46-41A2-955E-EB20FC7751D8}.Release|Win32.ActiveCfg = Release|Win32
		{D4C6AB8A-0A46-41A2-955E-EB20FC7751D8}.Release|Win32.Build.0 = Release|Win32
		{D4C6AB8A-0A46-41A2-955E-EB20FC7751D8}.Release|x64.ActiveCfg = Release|x64
		{D4C6AB8A-0A46-41A2-955E-EB20FC7751D8}.Release|x64.Build.0 = Release|x64
	EndGlobalSection
	GlobalSection(SolutionProperties) = preSolution
		HideSolutionNode = FALSE
	EndGlobalSection
	GlobalSection(ExtensibilityGlobals) = postSolution
		SolutionGuid = {DB09012B-84E0-458C-AED0-B14B683F15D6}
	EndGlobalSection
EndGlobal
