
Microsoft Visual Studio Solution File, Format Version 12.00
# Visual Studio 2013
VisualStudioVersion = 12.0.31101.0
MinimumVisualStudioVersion = 10.0.40219.1
Project("{8BC9CEB8-8B4A-11D0-8D11-00A0C91BC942}") = "mainapp-client", "mudclient\mudclient.vcxproj", "{FDCB8C3B-117D-42E9-BB60-04BFCE5EA051}"
	ProjectSection(ProjectDependencies) = postProject
		{0541F606-5276-4FDE-B49C-D10AE3354129} = {0541F606-5276-4FDE-B49C-D10AE3354129}
	EndProjectSection
EndProject
Project("{8BC9CEB8-8B4A-11D0-8D11-00A0C91BC942}") = "mapper", "plugins\mapper\mapper.vcxproj", "{FBE5420F-A7AE-466A-A0AA-1C422C679C31}"
	ProjectSection(ProjectDependencies) = postProject
		{0541F606-5276-4FDE-B49C-D10AE3354129} = {0541F606-5276-4FDE-B49C-D10AE3354129}
	EndProjectSection
EndProject
Project("{8BC9CEB8-8B4A-11D0-8D11-00A0C91BC942}") = "api", "api\api.vcxproj", "{0541F606-5276-4FDE-B49C-D10AE3354129}"
EndProject
Project("{8BC9CEB8-8B4A-11D0-8D11-00A0C91BC942}") = "prompt", "plugins\prompt\prompt.vcxproj", "{BEEE39B0-7E0B-49A9-AAFC-98721A417E4E}"
	ProjectSection(ProjectDependencies) = postProject
		{0541F606-5276-4FDE-B49C-D10AE3354129} = {0541F606-5276-4FDE-B49C-D10AE3354129}
	EndProjectSection
EndProject
Project("{8BC9CEB8-8B4A-11D0-8D11-00A0C91BC942}") = "jmc3import", "plugins\jmc3import\jmc3import.vcxproj", "{AE752230-FE8A-4F6B-8C09-5BC6A0F7A4C4}"
	ProjectSection(ProjectDependencies) = postProject
		{0541F606-5276-4FDE-B49C-D10AE3354129} = {0541F606-5276-4FDE-B49C-D10AE3354129}
	EndProjectSection
EndProject
Project("{8BC9CEB8-8B4A-11D0-8D11-00A0C91BC942}") = "system", "modules\system\system.vcxproj", "{13795512-C898-483C-BE39-9EBEEFAB199A}"
	ProjectSection(ProjectDependencies) = postProject
		{0541F606-5276-4FDE-B49C-D10AE3354129} = {0541F606-5276-4FDE-B49C-D10AE3354129}
	EndProjectSection
EndProject
Project("{8BC9CEB8-8B4A-11D0-8D11-00A0C91BC942}") = "tray", "plugins\tray\tray.vcxproj", "{8A2788D9-2E51-4A82-94A5-83E7EF307367}"
	ProjectSection(ProjectDependencies) = postProject
		{0541F606-5276-4FDE-B49C-D10AE3354129} = {0541F606-5276-4FDE-B49C-D10AE3354129}
	EndProjectSection
EndProject
Project("{8BC9CEB8-8B4A-11D0-8D11-00A0C91BC942}") = "clickpad", "plugins\clickpad\clickpad.vcxproj", "{22867224-9F2D-4795-B83F-FF9844150588}"
	ProjectSection(ProjectDependencies) = postProject
		{0541F606-5276-4FDE-B49C-D10AE3354129} = {0541F606-5276-4FDE-B49C-D10AE3354129}
	EndProjectSection
EndProject
Project("{8BC9CEB8-8B4A-11D0-8D11-00A0C91BC942}") = "rnd", "modules\rnd\rnd.vcxproj", "{7291DF87-397A-4330-81EB-B9370FF48090}"
EndProject
Project("{8BC9CEB8-8B4A-11D0-8D11-00A0C91BC942}") = "lbass", "modules\lbass\lbass.vcxproj", "{EEE3289F-E716-409F-B6E9-A4D046F17928}"
EndProject
Project("{8BC9CEB8-8B4A-11D0-8D11-00A0C91BC942}") = "sound", "plugins\sound\sound.vcxproj", "{8CA764AB-5724-4527-A0C8-84334C7073E9}"
	ProjectSection(ProjectDependencies) = postProject
		{0541F606-5276-4FDE-B49C-D10AE3354129} = {0541F606-5276-4FDE-B49C-D10AE3354129}
	EndProjectSection
EndProject
Project("{8BC9CEB8-8B4A-11D0-8D11-00A0C91BC942}") = "voice", "modules\voice\voice.vcxproj", "{413D9E03-C1B6-4EA4-A9CF-EA2AC9A61CEF}"
EndProject
Project("{8BC9CEB8-8B4A-11D0-8D11-00A0C91BC942}") = "pcrecalc", "plugins\pcrecalc\pcrecalc.vcxproj", "{A78A1B44-ED19-44F5-8370-55E534FA54E3}"
	ProjectSection(ProjectDependencies) = postProject
		{0541F606-5276-4FDE-B49C-D10AE3354129} = {0541F606-5276-4FDE-B49C-D10AE3354129}
	EndProjectSection
EndProject
Global
	GlobalSection(SolutionConfigurationPlatforms) = preSolution
		Debug|Any CPU = Debug|Any CPU
		Debug|Mixed Platforms = Debug|Mixed Platforms
		Debug|Win32 = Debug|Win32
		Release|Any CPU = Release|Any CPU
		Release|Mixed Platforms = Release|Mixed Platforms
		Release|Win32 = Release|Win32
	EndGlobalSection
	GlobalSection(ProjectConfigurationPlatforms) = postSolution
		{FDCB8C3B-117D-42E9-BB60-04BFCE5EA051}.Debug|Any CPU.ActiveCfg = Debug|Win32
		{FDCB8C3B-117D-42E9-BB60-04BFCE5EA051}.Debug|Mixed Platforms.ActiveCfg = Debug|Win32
		{FDCB8C3B-117D-42E9-BB60-04BFCE5EA051}.Debug|Mixed Platforms.Build.0 = Debug|Win32
		{FDCB8C3B-117D-42E9-BB60-04BFCE5EA051}.Debug|Win32.ActiveCfg = Debug|Win32
		{FDCB8C3B-117D-42E9-BB60-04BFCE5EA051}.Debug|Win32.Build.0 = Debug|Win32
		{FDCB8C3B-117D-42E9-BB60-04BFCE5EA051}.Release|Any CPU.ActiveCfg = Release|Win32
		{FDCB8C3B-117D-42E9-BB60-04BFCE5EA051}.Release|Mixed Platforms.ActiveCfg = Release|Win32
		{FDCB8C3B-117D-42E9-BB60-04BFCE5EA051}.Release|Mixed Platforms.Build.0 = Release|Win32
		{FDCB8C3B-117D-42E9-BB60-04BFCE5EA051}.Release|Win32.ActiveCfg = Release|Win32
		{FDCB8C3B-117D-42E9-BB60-04BFCE5EA051}.Release|Win32.Build.0 = Release|Win32
		{FBE5420F-A7AE-466A-A0AA-1C422C679C31}.Debug|Any CPU.ActiveCfg = Debug|Win32
		{FBE5420F-A7AE-466A-A0AA-1C422C679C31}.Debug|Mixed Platforms.ActiveCfg = Debug|Win32
		{FBE5420F-A7AE-466A-A0AA-1C422C679C31}.Debug|Mixed Platforms.Build.0 = Debug|Win32
		{FBE5420F-A7AE-466A-A0AA-1C422C679C31}.Debug|Win32.ActiveCfg = Debug|Win32
		{FBE5420F-A7AE-466A-A0AA-1C422C679C31}.Debug|Win32.Build.0 = Debug|Win32
		{FBE5420F-A7AE-466A-A0AA-1C422C679C31}.Release|Any CPU.ActiveCfg = Release|Win32
		{FBE5420F-A7AE-466A-A0AA-1C422C679C31}.Release|Mixed Platforms.ActiveCfg = Release|Win32
		{FBE5420F-A7AE-466A-A0AA-1C422C679C31}.Release|Mixed Platforms.Build.0 = Release|Win32
		{FBE5420F-A7AE-466A-A0AA-1C422C679C31}.Release|Win32.ActiveCfg = Release|Win32
		{FBE5420F-A7AE-466A-A0AA-1C422C679C31}.Release|Win32.Build.0 = Release|Win32
		{0541F606-5276-4FDE-B49C-D10AE3354129}.Debug|Any CPU.ActiveCfg = Debug|Win32
		{0541F606-5276-4FDE-B49C-D10AE3354129}.Debug|Mixed Platforms.ActiveCfg = Debug|Win32
		{0541F606-5276-4FDE-B49C-D10AE3354129}.Debug|Mixed Platforms.Build.0 = Debug|Win32
		{0541F606-5276-4FDE-B49C-D10AE3354129}.Debug|Win32.ActiveCfg = Debug|Win32
		{0541F606-5276-4FDE-B49C-D10AE3354129}.Debug|Win32.Build.0 = Debug|Win32
		{0541F606-5276-4FDE-B49C-D10AE3354129}.Release|Any CPU.ActiveCfg = Release|Win32
		{0541F606-5276-4FDE-B49C-D10AE3354129}.Release|Mixed Platforms.ActiveCfg = Release|Win32
		{0541F606-5276-4FDE-B49C-D10AE3354129}.Release|Mixed Platforms.Build.0 = Release|Win32
		{0541F606-5276-4FDE-B49C-D10AE3354129}.Release|Win32.ActiveCfg = Release|Win32
		{0541F606-5276-4FDE-B49C-D10AE3354129}.Release|Win32.Build.0 = Release|Win32
		{BEEE39B0-7E0B-49A9-AAFC-98721A417E4E}.Debug|Any CPU.ActiveCfg = Debug|Win32
		{BEEE39B0-7E0B-49A9-AAFC-98721A417E4E}.Debug|Mixed Platforms.ActiveCfg = Debug|Win32
		{BEEE39B0-7E0B-49A9-AAFC-98721A417E4E}.Debug|Mixed Platforms.Build.0 = Debug|Win32
		{BEEE39B0-7E0B-49A9-AAFC-98721A417E4E}.Debug|Win32.ActiveCfg = Debug|Win32
		{BEEE39B0-7E0B-49A9-AAFC-98721A417E4E}.Debug|Win32.Build.0 = Debug|Win32
		{BEEE39B0-7E0B-49A9-AAFC-98721A417E4E}.Release|Any CPU.ActiveCfg = Release|Win32
		{BEEE39B0-7E0B-49A9-AAFC-98721A417E4E}.Release|Mixed Platforms.ActiveCfg = Release|Win32
		{BEEE39B0-7E0B-49A9-AAFC-98721A417E4E}.Release|Mixed Platforms.Build.0 = Release|Win32
		{BEEE39B0-7E0B-49A9-AAFC-98721A417E4E}.Release|Win32.ActiveCfg = Release|Win32
		{BEEE39B0-7E0B-49A9-AAFC-98721A417E4E}.Release|Win32.Build.0 = Release|Win32
		{AE752230-FE8A-4F6B-8C09-5BC6A0F7A4C4}.Debug|Any CPU.ActiveCfg = Debug|Win32
		{AE752230-FE8A-4F6B-8C09-5BC6A0F7A4C4}.Debug|Mixed Platforms.ActiveCfg = Debug|Win32
		{AE752230-FE8A-4F6B-8C09-5BC6A0F7A4C4}.Debug|Mixed Platforms.Build.0 = Debug|Win32
		{AE752230-FE8A-4F6B-8C09-5BC6A0F7A4C4}.Debug|Win32.ActiveCfg = Debug|Win32
		{AE752230-FE8A-4F6B-8C09-5BC6A0F7A4C4}.Debug|Win32.Build.0 = Debug|Win32
		{AE752230-FE8A-4F6B-8C09-5BC6A0F7A4C4}.Release|Any CPU.ActiveCfg = Release|Win32
		{AE752230-FE8A-4F6B-8C09-5BC6A0F7A4C4}.Release|Mixed Platforms.ActiveCfg = Release|Win32
		{AE752230-FE8A-4F6B-8C09-5BC6A0F7A4C4}.Release|Mixed Platforms.Build.0 = Release|Win32
		{AE752230-FE8A-4F6B-8C09-5BC6A0F7A4C4}.Release|Win32.ActiveCfg = Release|Win32
		{AE752230-FE8A-4F6B-8C09-5BC6A0F7A4C4}.Release|Win32.Build.0 = Release|Win32
		{13795512-C898-483C-BE39-9EBEEFAB199A}.Debug|Any CPU.ActiveCfg = Debug|Win32
		{13795512-C898-483C-BE39-9EBEEFAB199A}.Debug|Mixed Platforms.ActiveCfg = Debug|Win32
		{13795512-C898-483C-BE39-9EBEEFAB199A}.Debug|Mixed Platforms.Build.0 = Debug|Win32
		{13795512-C898-483C-BE39-9EBEEFAB199A}.Debug|Win32.ActiveCfg = Debug|Win32
		{13795512-C898-483C-BE39-9EBEEFAB199A}.Debug|Win32.Build.0 = Debug|Win32
		{13795512-C898-483C-BE39-9EBEEFAB199A}.Release|Any CPU.ActiveCfg = Release|Win32
		{13795512-C898-483C-BE39-9EBEEFAB199A}.Release|Mixed Platforms.ActiveCfg = Release|Win32
		{13795512-C898-483C-BE39-9EBEEFAB199A}.Release|Mixed Platforms.Build.0 = Release|Win32
		{13795512-C898-483C-BE39-9EBEEFAB199A}.Release|Win32.ActiveCfg = Release|Win32
		{13795512-C898-483C-BE39-9EBEEFAB199A}.Release|Win32.Build.0 = Release|Win32
		{8A2788D9-2E51-4A82-94A5-83E7EF307367}.Debug|Any CPU.ActiveCfg = Debug|Win32
		{8A2788D9-2E51-4A82-94A5-83E7EF307367}.Debug|Mixed Platforms.ActiveCfg = Debug|Win32
		{8A2788D9-2E51-4A82-94A5-83E7EF307367}.Debug|Mixed Platforms.Build.0 = Debug|Win32
		{8A2788D9-2E51-4A82-94A5-83E7EF307367}.Debug|Win32.ActiveCfg = Debug|Win32
		{8A2788D9-2E51-4A82-94A5-83E7EF307367}.Debug|Win32.Build.0 = Debug|Win32
		{8A2788D9-2E51-4A82-94A5-83E7EF307367}.Release|Any CPU.ActiveCfg = Release|Win32
		{8A2788D9-2E51-4A82-94A5-83E7EF307367}.Release|Mixed Platforms.ActiveCfg = Release|Win32
		{8A2788D9-2E51-4A82-94A5-83E7EF307367}.Release|Mixed Platforms.Build.0 = Release|Win32
		{8A2788D9-2E51-4A82-94A5-83E7EF307367}.Release|Win32.ActiveCfg = Release|Win32
		{8A2788D9-2E51-4A82-94A5-83E7EF307367}.Release|Win32.Build.0 = Release|Win32
		{22867224-9F2D-4795-B83F-FF9844150588}.Debug|Any CPU.ActiveCfg = Debug|Win32
		{22867224-9F2D-4795-B83F-FF9844150588}.Debug|Mixed Platforms.ActiveCfg = Debug|Win32
		{22867224-9F2D-4795-B83F-FF9844150588}.Debug|Mixed Platforms.Build.0 = Debug|Win32
		{22867224-9F2D-4795-B83F-FF9844150588}.Debug|Win32.ActiveCfg = Debug|Win32
		{22867224-9F2D-4795-B83F-FF9844150588}.Debug|Win32.Build.0 = Debug|Win32
		{22867224-9F2D-4795-B83F-FF9844150588}.Release|Any CPU.ActiveCfg = Release|Win32
		{22867224-9F2D-4795-B83F-FF9844150588}.Release|Mixed Platforms.ActiveCfg = Release|Win32
		{22867224-9F2D-4795-B83F-FF9844150588}.Release|Mixed Platforms.Build.0 = Release|Win32
		{22867224-9F2D-4795-B83F-FF9844150588}.Release|Win32.ActiveCfg = Release|Win32
		{22867224-9F2D-4795-B83F-FF9844150588}.Release|Win32.Build.0 = Release|Win32
		{7291DF87-397A-4330-81EB-B9370FF48090}.Debug|Any CPU.ActiveCfg = Debug|Win32
		{7291DF87-397A-4330-81EB-B9370FF48090}.Debug|Mixed Platforms.ActiveCfg = Debug|Win32
		{7291DF87-397A-4330-81EB-B9370FF48090}.Debug|Mixed Platforms.Build.0 = Debug|Win32
		{7291DF87-397A-4330-81EB-B9370FF48090}.Debug|Win32.ActiveCfg = Debug|Win32
		{7291DF87-397A-4330-81EB-B9370FF48090}.Debug|Win32.Build.0 = Debug|Win32
		{7291DF87-397A-4330-81EB-B9370FF48090}.Release|Any CPU.ActiveCfg = Release|Win32
		{7291DF87-397A-4330-81EB-B9370FF48090}.Release|Mixed Platforms.ActiveCfg = Release|Win32
		{7291DF87-397A-4330-81EB-B9370FF48090}.Release|Mixed Platforms.Build.0 = Release|Win32
		{7291DF87-397A-4330-81EB-B9370FF48090}.Release|Win32.ActiveCfg = Release|Win32
		{7291DF87-397A-4330-81EB-B9370FF48090}.Release|Win32.Build.0 = Release|Win32
		{EEE3289F-E716-409F-B6E9-A4D046F17928}.Debug|Any CPU.ActiveCfg = Debug|Win32
		{EEE3289F-E716-409F-B6E9-A4D046F17928}.Debug|Mixed Platforms.ActiveCfg = Debug|Win32
		{EEE3289F-E716-409F-B6E9-A4D046F17928}.Debug|Mixed Platforms.Build.0 = Debug|Win32
		{EEE3289F-E716-409F-B6E9-A4D046F17928}.Debug|Win32.ActiveCfg = Debug|Win32
		{EEE3289F-E716-409F-B6E9-A4D046F17928}.Debug|Win32.Build.0 = Debug|Win32
		{EEE3289F-E716-409F-B6E9-A4D046F17928}.Release|Any CPU.ActiveCfg = Release|Win32
		{EEE3289F-E716-409F-B6E9-A4D046F17928}.Release|Mixed Platforms.ActiveCfg = Release|Win32
		{EEE3289F-E716-409F-B6E9-A4D046F17928}.Release|Mixed Platforms.Build.0 = Release|Win32
		{EEE3289F-E716-409F-B6E9-A4D046F17928}.Release|Win32.ActiveCfg = Release|Win32
		{EEE3289F-E716-409F-B6E9-A4D046F17928}.Release|Win32.Build.0 = Release|Win32
		{8CA764AB-5724-4527-A0C8-84334C7073E9}.Debug|Any CPU.ActiveCfg = Debug|Win32
		{8CA764AB-5724-4527-A0C8-84334C7073E9}.Debug|Mixed Platforms.ActiveCfg = Debug|Win32
		{8CA764AB-5724-4527-A0C8-84334C7073E9}.Debug|Mixed Platforms.Build.0 = Debug|Win32
		{8CA764AB-5724-4527-A0C8-84334C7073E9}.Debug|Win32.ActiveCfg = Debug|Win32
		{8CA764AB-5724-4527-A0C8-84334C7073E9}.Debug|Win32.Build.0 = Debug|Win32
		{8CA764AB-5724-4527-A0C8-84334C7073E9}.Release|Any CPU.ActiveCfg = Release|Win32
		{8CA764AB-5724-4527-A0C8-84334C7073E9}.Release|Mixed Platforms.ActiveCfg = Release|Win32
		{8CA764AB-5724-4527-A0C8-84334C7073E9}.Release|Mixed Platforms.Build.0 = Release|Win32
		{8CA764AB-5724-4527-A0C8-84334C7073E9}.Release|Win32.ActiveCfg = Release|Win32
		{8CA764AB-5724-4527-A0C8-84334C7073E9}.Release|Win32.Build.0 = Release|Win32
		{413D9E03-C1B6-4EA4-A9CF-EA2AC9A61CEF}.Debug|Any CPU.ActiveCfg = Debug|Win32
		{413D9E03-C1B6-4EA4-A9CF-EA2AC9A61CEF}.Debug|Mixed Platforms.ActiveCfg = Debug|Win32
		{413D9E03-C1B6-4EA4-A9CF-EA2AC9A61CEF}.Debug|Mixed Platforms.Build.0 = Debug|Win32
		{413D9E03-C1B6-4EA4-A9CF-EA2AC9A61CEF}.Debug|Win32.ActiveCfg = Debug|Win32
		{413D9E03-C1B6-4EA4-A9CF-EA2AC9A61CEF}.Debug|Win32.Build.0 = Debug|Win32
		{413D9E03-C1B6-4EA4-A9CF-EA2AC9A61CEF}.Release|Any CPU.ActiveCfg = Release|Win32
		{413D9E03-C1B6-4EA4-A9CF-EA2AC9A61CEF}.Release|Mixed Platforms.ActiveCfg = Release|Win32
		{413D9E03-C1B6-4EA4-A9CF-EA2AC9A61CEF}.Release|Mixed Platforms.Build.0 = Release|Win32
		{413D9E03-C1B6-4EA4-A9CF-EA2AC9A61CEF}.Release|Win32.ActiveCfg = Release|Win32
		{413D9E03-C1B6-4EA4-A9CF-EA2AC9A61CEF}.Release|Win32.Build.0 = Release|Win32
		{A78A1B44-ED19-44F5-8370-55E534FA54E3}.Debug|Any CPU.ActiveCfg = Debug|Win32
		{A78A1B44-ED19-44F5-8370-55E534FA54E3}.Debug|Mixed Platforms.ActiveCfg = Debug|Win32
		{A78A1B44-ED19-44F5-8370-55E534FA54E3}.Debug|Mixed Platforms.Build.0 = Debug|Win32
		{A78A1B44-ED19-44F5-8370-55E534FA54E3}.Debug|Win32.ActiveCfg = Debug|Win32
		{A78A1B44-ED19-44F5-8370-55E534FA54E3}.Debug|Win32.Build.0 = Debug|Win32
		{A78A1B44-ED19-44F5-8370-55E534FA54E3}.Release|Any CPU.ActiveCfg = Release|Win32
		{A78A1B44-ED19-44F5-8370-55E534FA54E3}.Release|Mixed Platforms.ActiveCfg = Release|Win32
		{A78A1B44-ED19-44F5-8370-55E534FA54E3}.Release|Mixed Platforms.Build.0 = Release|Win32
		{A78A1B44-ED19-44F5-8370-55E534FA54E3}.Release|Win32.ActiveCfg = Release|Win32
		{A78A1B44-ED19-44F5-8370-55E534FA54E3}.Release|Win32.Build.0 = Release|Win32
	EndGlobalSection
	GlobalSection(SolutionProperties) = preSolution
		HideSolutionNode = FALSE
	EndGlobalSection
EndGlobal
