<?xml version="1.0" encoding="utf-8"?>
<Project ToolsVersion="4.0" xmlns="http://schemas.microsoft.com/developer/msbuild/2003">
  <ItemGroup>
    <Filter Include="Source Files">
      <UniqueIdentifier>{4FC737F1-C7A5-4376-A066-2A32D752A2FF}</UniqueIdentifier>
      <Extensions>
      </Extensions>
    </Filter>
    <Filter Include="Resource Files">
      <UniqueIdentifier>{d2428eb3-7b9f-48e9-a37d-dd68cd5095e6}</UniqueIdentifier>
    </Filter>
    <Filter Include="Main Files">
      <UniqueIdentifier>{245cb75e-e8d4-49dc-a9bf-ffa17107f33b}</UniqueIdentifier>
    </Filter>
    <Filter Include="External Common Libs">
      <UniqueIdentifier>{7b1716d7-0314-4260-a05e-4eaaa492bf96}</UniqueIdentifier>
    </Filter>
  </ItemGroup>
  <ItemGroup>
    <ClInclude Include="res\resource.h">
      <Filter>Resource Files</Filter>
    </ClInclude>
    <ClInclude Include="src\mapperZoneControl.h">
      <Filter>Source Files</Filter>
    </ClInclude>
    <ClInclude Include="src\mapperToolbar.h">
      <Filter>Source Files</Filter>
    </ClInclude>
    <ClInclude Include="src\mapperRoomRender.h">
      <Filter>Source Files</Filter>
    </ClInclude>
    <ClInclude Include="src\mapperRender.h">
      <Filter>Source Files</Filter>
    </ClInclude>
    <ClInclude Include="src\mapper.h">
      <Filter>Source Files</Filter>
    </ClInclude>
    <ClInclude Include="src\stdafx.h">
      <Filter>Main Files</Filter>
    </ClInclude>
    <ClInclude Include="..\..\libs\common\crc32.h">
      <Filter>External Common Libs</Filter>
    </ClInclude>
    <ClInclude Include="..\..\libs\common\dataQueue.h">
      <Filter>External Common Libs</Filter>
    </ClInclude>
    <ClInclude Include="..\..\libs\common\memoryBuffer.h">
      <Filter>External Common Libs</Filter>
    </ClInclude>
    <ClInclude Include="src\MenuXP.h">
      <Filter>Source Files</Filter>
    </ClInclude>
    <ClInclude Include="src\editListBox.h">
      <Filter>Source Files</Filter>
    </ClInclude>
    <ClInclude Include="src\debugHelpers.h">
      <Filter>Main Files</Filter>
    </ClInclude>
    <ClInclude Include="src\roomObjects.h">
      <Filter>Source Files</Filter>
    </ClInclude>
    <ClInclude Include="src\dirObjects.h">
      <Filter>Source Files</Filter>
    </ClInclude>
    <ClInclude Include="src\mapInstance.h">
      <Filter>Source Files</Filter>
    </ClInclude>
    <ClInclude Include="src\mapCursor.h">
      <Filter>Source Files</Filter>
    </ClInclude>
    <ClInclude Include="src\newZoneNameDlg.h">
      <Filter>Source Files</Filter>
    </ClInclude>
    <ClInclude Include="src\roomHasher.h">
      <Filter>Source Files</Filter>
    </ClInclude>
    <ClInclude Include="src\md5.h">
      <Filter>Main Files</Filter>
    </ClInclude>
    <ClInclude Include="src\logger.h">
      <Filter>Source Files</Filter>
    </ClInclude>
    <ClInclude Include="src\mapTools.h">
      <Filter>Source Files</Filter>
    </ClInclude>
    <ClInclude Include="src\mapSmartTools.h">
      <Filter>Source Files</Filter>
    </ClInclude>
    <ClInclude Include="src\roomsWave.h">
      <Filter>Source Files</Filter>
    </ClInclude>
    <ClInclude Include="src\mapperUnitTests.h">
      <Filter>Source Files</Filter>
    </ClInclude>
    <ClInclude Include="src\bitmapButton.h">
      <Filter>Source Files</Filter>
    </ClInclude>
    <ClInclude Include="src\roomsContainer.h">
      <Filter>Source Files</Filter>
    </ClInclude>
    <ClInclude Include="src\roomsZone.h">
      <Filter>Source Files</Filter>
    </ClInclude>
    <ClInclude Include="src\mapMergeTools.h">
      <Filter>Source Files</Filter>
    </ClInclude>
    <ClInclude Include="src\properties.h">
      <Filter>Source Files</Filter>
    </ClInclude>
  </ItemGroup>
  <ItemGroup>
    <ClCompile Include="src\mapperRoomRender.cpp">
      <Filter>Source Files</Filter>
    </ClCompile>
    <ClCompile Include="src\mapperRender.cpp">
      <Filter>Source Files</Filter>
    </ClCompile>
    <ClCompile Include="src\mapper.cpp">
      <Filter>Source Files</Filter>
    </ClCompile>
    <ClCompile Include="src\mapper_export.cpp">
      <Filter>Main Files</Filter>
    </ClCompile>
    <ClCompile Include="src\stdafx.cpp">
      <Filter>Main Files</Filter>
    </ClCompile>
    <ClCompile Include="..\..\libs\common\crc32.cpp">
      <Filter>External Common Libs</Filter>
    </ClCompile>
    <ClCompile Include="src\MenuXP.cpp">
      <Filter>Source Files</Filter>
    </ClCompile>
    <ClCompile Include="src\debugHelpers.cpp">
      <Filter>Main Files</Filter>
    </ClCompile>
    <ClCompile Include="src\roomObjects.cpp">
      <Filter>Source Files</Filter>
    </ClCompile>
    <ClCompile Include="src\dirObjects.cpp">
      <Filter>Source Files</Filter>
    </ClCompile>
    <ClCompile Include="src\mapInstance.cpp">
      <Filter>Source Files</Filter>
    </ClCompile>
    <ClCompile Include="src\mapCursor.cpp">
      <Filter>Source Files</Filter>
    </ClCompile>
    <ClCompile Include="src\roomHasher.cpp">
      <Filter>Source Files</Filter>
    </ClCompile>
    <ClCompile Include="src\md5.cpp">
      <Filter>Main Files</Filter>
    </ClCompile>
    <ClCompile Include="src\logger.cpp">
      <Filter>Source Files</Filter>
    </ClCompile>
    <ClCompile Include="src\mapTools.cpp">
      <Filter>Source Files</Filter>
    </ClCompile>
    <ClCompile Include="src\mapSmartTools.cpp">
      <Filter>Source Files</Filter>
    </ClCompile>
    <ClCompile Include="src\roomsWave.cpp">
      <Filter>Source Files</Filter>
    </ClCompile>
    <ClCompile Include="src\mapperUnitTests.cpp">
      <Filter>Source Files</Filter>
    </ClCompile>
    <ClCompile Include="src\roomsContainer.cpp">
      <Filter>Source Files</Filter>
    </ClCompile>
    <ClCompile Include="src\roomsZone.cpp">
      <Filter>Source Files</Filter>
    </ClCompile>
    <ClCompile Include="src\mapMergeTools.cpp">
      <Filter>Source Files</Filter>
    </ClCompile>
  </ItemGroup>
  <ItemGroup>
    <Image Include="res\bitmap1.bmp">
      <Filter>Resource Files</Filter>
    </Image>
    <Image Include="res\bitmap2.bmp">
      <Filter>Resource Files</Filter>
    </Image>
    <Image Include="res\bmp00001.bmp">
      <Filter>Resource Files</Filter>
    </Image>
    <Image Include="mapper.bmp" />
    <Image Include="res\mapper.bmp" />
  </ItemGroup>
  <ItemGroup>
    <ResourceCompile Include="res\mapper.rc">
      <Filter>Resource Files</Filter>
    </ResourceCompile>
  </ItemGroup>
  <ItemGroup>
    <None Include="plugin.def">
      <Filter>Main Files</Filter>
    </None>
  </ItemGroup>
</Project>