<?xml version="1.0" encoding="utf-8"?>
<Project ToolsVersion="4.0" xmlns="http://schemas.microsoft.com/developer/msbuild/2003">
  <ItemGroup>
    <Filter Include="Source Files">
      <UniqueIdentifier>{4FC737F1-C7A5-4376-A066-2A32D752A2FF}</UniqueIdentifier>
      <Extensions>cpp;c;cc;cxx;def;odl;idl;hpj;bat;asm;asmx</Extensions>
    </Filter>
    <Filter Include="Main Files">
      <UniqueIdentifier>{93995380-89BD-4b04-88EB-625FBE52EBFB}</UniqueIdentifier>
      <Extensions>h;hh;hpp;hxx;hm;inl;inc;xsd</Extensions>
    </Filter>
  </ItemGroup>
  <ItemGroup>
    <ClInclude Include="stdafx.h">
      <Filter>Main Files</Filter>
    </ClInclude>
    <ClInclude Include="traymain.h">
      <Filter>Source Files</Filter>
    </ClInclude>
    <ClInclude Include="popupWindow.h">
      <Filter>Source Files</Filter>
    </ClInclude>
    <ClInclude Include="resource.h">
      <Filter>Main Files</Filter>
    </ClInclude>
    <ClInclude Include="traySettings.h">
      <Filter>Source Files</Filter>
    </ClInclude>
    <ClInclude Include="sharingData.h">
      <Filter>Source Files</Filter>
    </ClInclude>
    <ClInclude Include="sharingController.h">
      <Filter>Source Files</Filter>
    </ClInclude>
    <ClInclude Include="common.h">
      <Filter>Source Files</Filter>
    </ClInclude>
  </ItemGroup>
  <ItemGroup>
    <ClCompile Include="stdafx.cpp">
      <Filter>Main Files</Filter>
    </ClCompile>
    <ClCompile Include="traymain.cpp">
      <Filter>Source Files</Filter>
    </ClCompile>
    <ClCompile Include="popupWindow.cpp">
      <Filter>Source Files</Filter>
    </ClCompile>
    <ClCompile Include="tray.cpp">
      <Filter>Source Files</Filter>
    </ClCompile>
    <ClCompile Include="sharingController.cpp">
      <Filter>Source Files</Filter>
    </ClCompile>
  </ItemGroup>
  <ItemGroup>
    <ResourceCompile Include="tray.rc">
      <Filter>Main Files</Filter>
    </ResourceCompile>
  </ItemGroup>
</Project>